{
    "_readme": [
        "This file locks the dependencies of your project to a known state",
        "Read more about it at https://getcomposer.org/doc/01-basic-usage.md#installing-dependencies",
        "This file is @generated automatically"
    ],
    "content-hash": "3f8ebaf1629195cc26333aba32e235e2",
    "packages": [
        {
            "name": "composer/semver",
            "version": "3.3.2",
            "source": {
                "type": "git",
                "url": "https://github.com/composer/semver.git",
                "reference": "3953f23262f2bff1919fc82183ad9acb13ff62c9"
            },
            "dist": {
                "type": "zip",
                "url": "https://api.github.com/repos/composer/semver/zipball/3953f23262f2bff1919fc82183ad9acb13ff62c9",
                "reference": "3953f23262f2bff1919fc82183ad9acb13ff62c9",
                "shasum": ""
            },
            "require": {
                "php": "^5.3.2 || ^7.0 || ^8.0"
            },
            "require-dev": {
                "phpstan/phpstan": "^1.4",
                "symfony/phpunit-bridge": "^4.2 || ^5"
            },
            "type": "library",
            "extra": {
                "branch-alias": {
                    "dev-main": "3.x-dev"
                }
            },
            "autoload": {
                "psr-4": {
                    "Composer\\Semver\\": "src"
                }
            },
            "notification-url": "https://packagist.org/downloads/",
            "license": [
                "MIT"
            ],
            "authors": [
                {
                    "name": "Nils Adermann",
                    "email": "naderman@naderman.de",
                    "homepage": "http://www.naderman.de"
                },
                {
                    "name": "Jordi Boggiano",
                    "email": "j.boggiano@seld.be",
                    "homepage": "http://seld.be"
                },
                {
                    "name": "Rob Bast",
                    "email": "rob.bast@gmail.com",
                    "homepage": "http://robbast.nl"
                }
            ],
            "description": "Semver library that offers utilities, version constraint parsing and validation.",
            "keywords": [
                "semantic",
                "semver",
                "validation",
                "versioning"
            ],
            "support": {
                "irc": "irc://irc.freenode.org/composer",
                "issues": "https://github.com/composer/semver/issues",
                "source": "https://github.com/composer/semver/tree/3.3.2"
            },
            "funding": [
                {
                    "url": "https://packagist.com",
                    "type": "custom"
                },
                {
                    "url": "https://github.com/composer",
                    "type": "github"
                },
                {
                    "url": "https://tidelift.com/funding/github/packagist/composer/composer",
                    "type": "tidelift"
                }
            ],
            "time": "2022-04-01T19:23:25+00:00"
        },
        {
            "name": "dragonmantank/cron-expression",
            "version": "v2.3.1",
            "source": {
                "type": "git",
                "url": "https://github.com/dragonmantank/cron-expression.git",
                "reference": "65b2d8ee1f10915efb3b55597da3404f096acba2"
            },
            "dist": {
                "type": "zip",
                "url": "https://api.github.com/repos/dragonmantank/cron-expression/zipball/65b2d8ee1f10915efb3b55597da3404f096acba2",
                "reference": "65b2d8ee1f10915efb3b55597da3404f096acba2",
                "shasum": ""
            },
            "require": {
                "php": "^7.0|^8.0"
            },
            "require-dev": {
                "phpunit/phpunit": "^6.4|^7.0|^8.0|^9.0"
            },
            "type": "library",
            "extra": {
                "branch-alias": {
                    "dev-master": "2.3-dev"
                }
            },
            "autoload": {
                "psr-4": {
                    "Cron\\": "src/Cron/"
                }
            },
            "notification-url": "https://packagist.org/downloads/",
            "license": [
                "MIT"
            ],
            "authors": [
                {
                    "name": "Michael Dowling",
                    "email": "mtdowling@gmail.com",
                    "homepage": "https://github.com/mtdowling"
                },
                {
                    "name": "Chris Tankersley",
                    "email": "chris@ctankersley.com",
                    "homepage": "https://github.com/dragonmantank"
                }
            ],
            "description": "CRON for PHP: Calculate the next or previous run date and determine if a CRON expression is due",
            "keywords": [
                "cron",
                "schedule"
            ],
            "support": {
                "issues": "https://github.com/dragonmantank/cron-expression/issues",
                "source": "https://github.com/dragonmantank/cron-expression/tree/v2.3.1"
            },
            "funding": [
                {
                    "url": "https://github.com/dragonmantank",
                    "type": "github"
                }
            ],
            "time": "2020-10-13T00:52:37+00:00"
        },
        {
            "name": "phpgt/build",
            "version": "v1.2.1",
            "source": {
                "type": "git",
                "url": "https://github.com/PhpGt/Build.git",
                "reference": "4c1bfbaf5840854ab98bc3b7f6e3a2cc71461ce2"
            },
            "dist": {
                "type": "zip",
                "url": "https://api.github.com/repos/PhpGt/Build/zipball/4c1bfbaf5840854ab98bc3b7f6e3a2cc71461ce2",
                "reference": "4c1bfbaf5840854ab98bc3b7f6e3a2cc71461ce2",
                "shasum": ""
            },
            "require": {
                "composer/semver": "3.*",
                "ext-json": "*",
                "php": ">=7.4",
                "phpgt/cli": "^1.3.0",
                "webmozart/glob": "4.4.*"
            },
            "require-dev": {
                "phpstan/phpstan": "^0.12",
                "phpunit/phpunit": "^9.5"
            },
            "bin": [
                "bin/build"
            ],
            "type": "library",
            "autoload": {
                "psr-4": {
                    "Gt\\Build\\": "./src"
                }
            },
            "notification-url": "https://packagist.org/downloads/",
            "license": [
                "MIT"
            ],
            "description": "Client-side build system for PHP projects.",
            "support": {
                "issues": "https://github.com/PhpGt/Build/issues",
                "source": "https://github.com/PhpGt/Build/tree/v1.2.1"
            },
            "funding": [
                {
                    "url": "https://github.com/sponsors/PhpGt",
                    "type": "github"
                }
            ],
            "time": "2022-04-12T17:52:06+00:00"
        },
        {
            "name": "phpgt/cli",
            "version": "v1.3.3",
            "source": {
                "type": "git",
                "url": "https://github.com/PhpGt/Cli.git",
                "reference": "b0334aee36f9e8aad9ca8b9cda397ffe5781f96f"
            },
            "dist": {
                "type": "zip",
                "url": "https://api.github.com/repos/PhpGt/Cli/zipball/b0334aee36f9e8aad9ca8b9cda397ffe5781f96f",
                "reference": "b0334aee36f9e8aad9ca8b9cda397ffe5781f96f",
                "shasum": ""
            },
            "require": {
                "ext-json": "*",
                "ext-readline": "*",
                "php": ">=8.0",
                "phpgt/daemon": "^v1.1"
            },
            "require-dev": {
                "phpstan/phpstan": "^v1.4",
                "phpunit/phpunit": "^v9.5"
            },
            "type": "library",
            "autoload": {
                "psr-4": {
                    "Gt\\Cli\\": "./src"
                }
            },
            "notification-url": "https://packagist.org/downloads/",
            "license": [
                "MIT"
            ],
            "authors": [
                {
                    "name": "Greg Bowler",
                    "email": "greg.bowler@g105b.com"
                }
            ],
            "description": "Command line interface builder.",
            "keywords": [
                "cli",
                "phpgt",
                "terminal",
                "webengine"
            ],
            "support": {
                "issues": "https://github.com/PhpGt/Cli/issues",
                "source": "https://github.com/PhpGt/Cli/tree/v1.3.3"
            },
            "funding": [
                {
                    "url": "https://github.com/sponsors/PhpGt",
                    "type": "github"
                }
            ],
            "time": "2022-02-26T15:38:15+00:00"
        },
        {
            "name": "phpgt/cron",
            "version": "v1.0.3",
            "source": {
                "type": "git",
                "url": "https://github.com/PhpGt/Cron.git",
                "reference": "b6b1e8d762d6149e0d7bcb81f8e4cc3bf1dcfa6c"
            },
            "dist": {
                "type": "zip",
                "url": "https://api.github.com/repos/PhpGt/Cron/zipball/b6b1e8d762d6149e0d7bcb81f8e4cc3bf1dcfa6c",
                "reference": "b6b1e8d762d6149e0d7bcb81f8e4cc3bf1dcfa6c",
                "shasum": ""
            },
            "require": {
                "dragonmantank/cron-expression": "^2.2",
                "php": ">=7.4",
                "phpgt/cli": "1.*"
            },
            "require-dev": {
                "phpstan/phpstan": ">=0.12.64",
                "phpunit/phpunit": "9.*"
            },
            "bin": [
                "bin/cron"
            ],
            "type": "library",
            "autoload": {
                "psr-4": {
                    "Gt\\Cron\\": "./src/"
                }
            },
            "notification-url": "https://packagist.org/downloads/",
            "description": "Run scripts or static functions at regular intervals.",
            "support": {
                "issues": "https://github.com/PhpGt/Cron/issues",
                "source": "https://github.com/PhpGt/Cron/tree/v1.0.3"
            },
            "funding": [
                {
                    "url": "https://github.com/sponsors/PhpGt",
                    "type": "github"
                }
            ],
            "time": "2021-09-23T10:47:38+00:00"
        },
        {
            "name": "phpgt/daemon",
            "version": "v1.1.2",
            "source": {
                "type": "git",
                "url": "https://github.com/PhpGt/Daemon.git",
                "reference": "6490df99a22818149f30e3af408002ea7f73e035"
            },
            "dist": {
                "type": "zip",
                "url": "https://api.github.com/repos/PhpGt/Daemon/zipball/6490df99a22818149f30e3af408002ea7f73e035",
                "reference": "6490df99a22818149f30e3af408002ea7f73e035",
                "shasum": ""
            },
            "require": {
                "php": ">=7.4"
            },
            "require-dev": {
                "phpstan/phpstan": ">=0.12.42",
                "phpunit/phpunit": "9.*"
            },
            "type": "library",
            "autoload": {
                "psr-4": {
                    "Gt\\Daemon\\": "./src"
                }
            },
            "notification-url": "https://packagist.org/downloads/",
            "description": "Background script execution with cross-platform compatible streaming.",
            "support": {
                "issues": "https://github.com/PhpGt/Daemon/issues",
                "source": "https://github.com/PhpGt/Daemon/tree/v1.1.2"
            },
            "funding": [
                {
                    "url": "https://github.com/phpgt",
                    "type": "github"
                }
            ],
            "time": "2021-02-02T17:33:16+00:00"
        },
        {
            "name": "phpgt/server",
            "version": "v1.1.3",
            "source": {
                "type": "git",
                "url": "https://github.com/PhpGt/Server.git",
                "reference": "799f18f4cefe70f1305d5272f3f19151bd4c51b2"
            },
            "dist": {
                "type": "zip",
                "url": "https://api.github.com/repos/PhpGt/Server/zipball/799f18f4cefe70f1305d5272f3f19151bd4c51b2",
                "reference": "799f18f4cefe70f1305d5272f3f19151bd4c51b2",
                "shasum": ""
            },
            "require": {
                "php": ">=7.4",
                "phpgt/cli": "*"
            },
            "require-dev": {
                "phpstan/phpstan": "^0.12",
                "phpunit/phpunit": "^9.5"
            },
            "bin": [
                "bin/serve"
            ],
            "type": "library",
            "autoload": {
                "psr-4": {
                    "Gt\\Server\\": "./src/"
                }
            },
            "notification-url": "https://packagist.org/downloads/",
            "description": "Development HTTP server.",
            "support": {
                "issues": "https://github.com/PhpGt/Server/issues",
                "source": "https://github.com/PhpGt/Server/tree/v1.1.3"
            },
            "funding": [
                {
                    "url": "https://github.com/sponsors/PhpGt",
                    "type": "github"
                }
            ],
            "time": "2021-09-23T14:49:11+00:00"
        },
        {
            "name": "webmozart/assert",
            "version": "1.11.0",
            "source": {
                "type": "git",
                "url": "https://github.com/webmozarts/assert.git",
                "reference": "11cb2199493b2f8a3b53e7f19068fc6aac760991"
            },
            "dist": {
                "type": "zip",
                "url": "https://api.github.com/repos/webmozarts/assert/zipball/11cb2199493b2f8a3b53e7f19068fc6aac760991",
                "reference": "11cb2199493b2f8a3b53e7f19068fc6aac760991",
                "shasum": ""
            },
            "require": {
                "ext-ctype": "*",
                "php": "^7.2 || ^8.0"
            },
            "conflict": {
                "phpstan/phpstan": "<0.12.20",
                "vimeo/psalm": "<4.6.1 || 4.6.2"
            },
            "require-dev": {
                "phpunit/phpunit": "^8.5.13"
            },
            "type": "library",
            "extra": {
                "branch-alias": {
                    "dev-master": "1.10-dev"
                }
            },
            "autoload": {
                "psr-4": {
                    "Webmozart\\Assert\\": "src/"
                }
            },
            "notification-url": "https://packagist.org/downloads/",
            "license": [
                "MIT"
            ],
            "authors": [
                {
                    "name": "Bernhard Schussek",
                    "email": "bschussek@gmail.com"
                }
            ],
            "description": "Assertions to validate method input/output with nice error messages.",
            "keywords": [
                "assert",
                "check",
                "validate"
            ],
            "support": {
                "issues": "https://github.com/webmozarts/assert/issues",
                "source": "https://github.com/webmozarts/assert/tree/1.11.0"
            },
            "time": "2022-06-03T18:03:27+00:00"
        },
        {
            "name": "webmozart/glob",
            "version": "4.4.0",
            "source": {
                "type": "git",
                "url": "https://github.com/webmozarts/glob.git",
                "reference": "539b5dbc10021d3f9242e7a9e9b6b37843179e83"
            },
            "dist": {
                "type": "zip",
                "url": "https://api.github.com/repos/webmozarts/glob/zipball/539b5dbc10021d3f9242e7a9e9b6b37843179e83",
                "reference": "539b5dbc10021d3f9242e7a9e9b6b37843179e83",
                "shasum": ""
            },
            "require": {
                "php": "^7.3 || ^8.0.0",
                "webmozart/path-util": "^2.2"
            },
            "require-dev": {
                "phpunit/phpunit": "^9.5",
                "symfony/filesystem": "^5.3"
            },
            "type": "library",
            "extra": {
                "branch-alias": {
                    "dev-master": "4.1-dev"
                }
            },
            "autoload": {
                "psr-4": {
                    "Webmozart\\Glob\\": "src/"
                }
            },
            "notification-url": "https://packagist.org/downloads/",
            "license": [
                "MIT"
            ],
            "authors": [
                {
                    "name": "Bernhard Schussek",
                    "email": "bschussek@gmail.com"
                }
            ],
            "description": "A PHP implementation of Ant's glob.",
            "support": {
                "issues": "https://github.com/webmozarts/glob/issues",
                "source": "https://github.com/webmozarts/glob/tree/4.4.0"
            },
            "time": "2021-10-07T16:13:08+00:00"
        },
        {
            "name": "webmozart/path-util",
            "version": "2.3.0",
            "source": {
                "type": "git",
                "url": "https://github.com/webmozart/path-util.git",
                "reference": "d939f7edc24c9a1bb9c0dee5cb05d8e859490725"
            },
            "dist": {
                "type": "zip",
                "url": "https://api.github.com/repos/webmozart/path-util/zipball/d939f7edc24c9a1bb9c0dee5cb05d8e859490725",
                "reference": "d939f7edc24c9a1bb9c0dee5cb05d8e859490725",
                "shasum": ""
            },
            "require": {
                "php": ">=5.3.3",
                "webmozart/assert": "~1.0"
            },
            "require-dev": {
                "phpunit/phpunit": "^4.6",
                "sebastian/version": "^1.0.1"
            },
            "type": "library",
            "extra": {
                "branch-alias": {
                    "dev-master": "2.3-dev"
                }
            },
            "autoload": {
                "psr-4": {
                    "Webmozart\\PathUtil\\": "src/"
                }
            },
            "notification-url": "https://packagist.org/downloads/",
            "license": [
                "MIT"
            ],
            "authors": [
                {
                    "name": "Bernhard Schussek",
                    "email": "bschussek@gmail.com"
                }
            ],
            "description": "A robust cross-platform utility for normalizing, comparing and modifying file paths.",
            "support": {
                "issues": "https://github.com/webmozart/path-util/issues",
                "source": "https://github.com/webmozart/path-util/tree/2.3.0"
            },
            "abandoned": "symfony/filesystem",
            "time": "2015-12-17T08:42:14+00:00"
        }
    ],
    "packages-dev": [],
    "aliases": [],
    "minimum-stability": "stable",
    "stability-flags": [],
    "prefer-stable": false,
    "prefer-lowest": false,
    "platform": {
        "php": ">=8.0"
    },
    "platform-dev": [],
    "plugin-api-version": "2.2.0"
}
