{
    "_readme": [
        "This file locks the dependencies of your project to a known state",
        "Read more about it at https://getcomposer.org/doc/01-basic-usage.md#installing-dependencies",
        "This file is @generated automatically"
    ],
    "content-hash": "3da5d42f1656b8c08055fa9a183cfea7",
    "packages": [
        {
            "name": "phpgt/cli",
            "version": "v1.0.1",
            "source": {
                "type": "git",
                "url": "https://github.com/PhpGt/Cli.git",
                "reference": "8affee1e4bea5c6ae2bf72d30ca5ef64002b7925"
            },
            "dist": {
                "type": "zip",
                "url": "https://api.github.com/repos/PhpGt/Cli/zipball/8affee1e4bea5c6ae2bf72d30ca5ef64002b7925",
                "reference": "8affee1e4bea5c6ae2bf72d30ca5ef64002b7925",
                "shasum": ""
            },
            "require-dev": {
                "phpunit/phpunit": "7.*"
            },
            "type": "library",
            "autoload": {
                "psr-4": {
                    "Gt\\Cli\\": "./src"
                }
            },
            "notification-url": "https://packagist.org/downloads/",
            "license": [
                "MIT"
            ],
            "authors": [
                {
                    "name": "Greg Bowler",
                    "email": "greg.bowler@g105b.com"
                }
            ],
            "description": "Command line interface builder.",
            "keywords": [
                "cli",
                "phpgt",
                "terminal",
                "webengine"
            ],
            "time": "2019-01-22T22:14:10+00:00"
        }
    ],
    "packages-dev": [],
    "aliases": [],
    "minimum-stability": "stable",
    "stability-flags": [],
    "prefer-stable": false,
    "prefer-lowest": false,
    "platform": {
        "php": ">=7.2"
    },
    "platform-dev": []
}
